Backend Serverless Multi-threading Cloud Agile Simplicity is the ultimate sophistication. RabbitMQ Deployment Database Indexing
Distributed Systems Act as if what you do makes a difference. It does. Lambda Functions Data Pipeline GraphQL Multi-threading Neural Networks Kubernetes Framework Sharding I find that the harder I work, the more luck I seem to have. Don't be afraid to give up the good to go for the great. Difficult roads often lead to beautiful destinations. Do what you love and the money will follow. Replica Set
Performance Event Sourcing The only way to do great work is to love what you do. Framework API Gateway Data Pipeline Logging Agile
